
Microsoft Visual Studio Solution File, Format Version 12.00
# Visual Studio 15
VisualStudioVersion = 15.0.28307.168
MinimumVisualStudioVersion = 10.0.40219.1
Project("{FAE04EC0-301F-11D3-BF4B-00C04F79EFBC}") = "PlantPlacesWebService.Android", "PlantPlacesWebService\PlantPlacesWebService.Android\PlantPlacesWebService.Android.csproj", "{B63057FC-09FD-4708-B159-968E82F1562E}"
EndProject
Project("{FAE04EC0-301F-11D3-BF4B-00C04F79EFBC}") = "PlantPlacesWebService.iOS", "PlantPlacesWebService\PlantPlacesWebService.iOS\PlantPlacesWebService.iOS.csproj", "{71712C09-01FD-40AC-A298-8F31CB8F6F37}"
EndProject
Project("{FAE04EC0-301F-11D3-BF4B-00C04F79EFBC}") = "PlantPlacesWebService.UWP", "PlantPlacesWebService\PlantPlacesWebService.UWP\PlantPlacesWebService.UWP.csproj", "{EA67FCAE-0398-452F-B342-DDB44AD18222}"
EndProject
Project("{FAE04EC0-301F-11D3-BF4B-00C04F79EFBC}") = "PlantPlacesWebService", "PlantPlacesWebService\PlantPlacesWebService\PlantPlacesWebService.csproj", "{49F680A9-423D-4269-A0BF-C2BC37CA417A}"
EndProject
Global
	GlobalSection(SolutionConfigurationPlatforms) = preSolution
		Ad-Hoc|Any CPU = Ad-Hoc|Any CPU
		Ad-Hoc|ARM = Ad-Hoc|ARM
		Ad-Hoc|iPhone = Ad-Hoc|iPhone
		Ad-Hoc|iPhoneSimulator = Ad-Hoc|iPhoneSimulator
		Ad-Hoc|x64 = Ad-Hoc|x64
		Ad-Hoc|x86 = Ad-Hoc|x86
		AppStore|Any CPU = AppStore|Any CPU
		AppStore|ARM = AppStore|ARM
		AppStore|iPhone = AppStore|iPhone
		AppStore|iPhoneSimulator = AppStore|iPhoneSimulator
		AppStore|x64 = AppStore|x64
		AppStore|x86 = AppStore|x86
		Debug|Any CPU = Debug|Any CPU
		Debug|ARM = Debug|ARM
		Debug|iPhone = Debug|iPhone
		Debug|iPhoneSimulator = Debug|iPhoneSimulator
		Debug|x64 = Debug|x64
		Debug|x86 = Debug|x86
		Release|Any CPU = Release|Any CPU
		Release|ARM = Release|ARM
		Release|iPhone = Release|iPhone
		Release|iPhoneSimulator = Release|iPhoneSimulator
		Release|x64 = Release|x64
		Release|x86 = Release|x86
	EndGlobalSection
	GlobalSection(ProjectConfigurationPlatforms) = postSolution
		{B63057FC-09FD-4708-B159-968E82F1562E}.Ad-Hoc|Any CPU.ActiveCfg = Release|Any CPU
		{B63057FC-09FD-4708-B159-968E82F1562E}.Ad-Hoc|Any CPU.Build.0 = Release|Any CPU
		{B63057FC-09FD-4708-B159-968E82F1562E}.Ad-Hoc|Any CPU.Deploy.0 = Release|Any CPU
		{B63057FC-09FD-4708-B159-968E82F1562E}.Ad-Hoc|ARM.ActiveCfg = Release|Any CPU
		{B63057FC-09FD-4708-B159-968E82F1562E}.Ad-Hoc|ARM.Build.0 = Release|Any CPU
		{B63057FC-09FD-4708-B159-968E82F1562E}.Ad-Hoc|ARM.Deploy.0 = Release|Any CPU
		{B63057FC-09FD-4708-B159-968E82F1562E}.Ad-Hoc|iPhone.ActiveCfg = Release|Any CPU
		{B63057FC-09FD-4708-B159-968E82F1562E}.Ad-Hoc|iPhone.Build.0 = Release|Any CPU
		{B63057FC-09FD-4708-B159-968E82F1562E}.Ad-Hoc|iPhone.Deploy.0 = Release|Any CPU
		{B63057FC-09FD-4708-B159-968E82F1562E}.Ad-Hoc|iPhoneSimulator.ActiveCfg = Release|Any CPU
		{B63057FC-09FD-4708-B159-968E82F1562E}.Ad-Hoc|iPhoneSimulator.Build.0 = Release|Any CPU
		{B63057FC-09FD-4708-B159-968E82F1562E}.Ad-Hoc|iPhoneSimulator.Deploy.0 = Release|Any CPU
		{B63057FC-09FD-4708-B159-968E82F1562E}.Ad-Hoc|x64.ActiveCfg = Release|Any CPU
		{B63057FC-09FD-4708-B159-968E82F1562E}.Ad-Hoc|x64.Build.0 = Release|Any CPU
		{B63057FC-09FD-4708-B159-968E82F1562E}.Ad-Hoc|x64.Deploy.0 = Release|Any CPU
		{B63057FC-09FD-4708-B159-968E82F1562E}.Ad-Hoc|x86.ActiveCfg = Release|Any CPU
		{B63057FC-09FD-4708-B159-968E82F1562E}.Ad-Hoc|x86.Build.0 = Release|Any CPU
		{B63057FC-09FD-4708-B159-968E82F1562E}.Ad-Hoc|x86.Deploy.0 = Release|Any CPU
		{B63057FC-09FD-4708-B159-968E82F1562E}.AppStore|Any CPU.ActiveCfg = Release|Any CPU
		{B63057FC-09FD-4708-B159-968E82F1562E}.AppStore|Any CPU.Build.0 = Release|Any CPU
		{B63057FC-09FD-4708-B159-968E82F1562E}.AppStore|Any CPU.Deploy.0 = Release|Any CPU
		{B63057FC-09FD-4708-B159-968E82F1562E}.AppStore|ARM.ActiveCfg = Release|Any CPU
		{B63057FC-09FD-4708-B159-968E82F1562E}.AppStore|ARM.Build.0 = Release|Any CPU
		{B63057FC-09FD-4708-B159-968E82F1562E}.AppStore|ARM.Deploy.0 = Release|Any CPU
		{B63057FC-09FD-4708-B159-968E82F1562E}.AppStore|iPhone.ActiveCfg = Release|Any CPU
		{B63057FC-09FD-4708-B159-968E82F1562E}.AppStore|iPhone.Build.0 = Release|Any CPU
		{B63057FC-09FD-4708-B159-968E82F1562E}.AppStore|iPhone.Deploy.0 = Release|Any CPU
		{B63057FC-09FD-4708-B159-968E82F1562E}.AppStore|iPhoneSimulator.ActiveCfg = Release|Any CPU
		{B63057FC-09FD-4708-B159-968E82F1562E}.AppStore|iPhoneSimulator.Build.0 = Release|Any CPU
		{B63057FC-09FD-4708-B159-968E82F1562E}.AppStore|iPhoneSimulator.Deploy.0 = Release|Any CPU
		{B63057FC-09FD-4708-B159-968E82F1562E}.AppStore|x64.ActiveCfg = Release|Any CPU
		{B63057FC-09FD-4708-B159-968E82F1562E}.AppStore|x64.Build.0 = Release|Any CPU
		{B63057FC-09FD-4708-B159-968E82F1562E}.AppStore|x64.Deploy.0 = Release|Any CPU
		{B63057FC-09FD-4708-B159-968E82F1562E}.AppStore|x86.ActiveCfg = Release|Any CPU
		{B63057FC-09FD-4708-B159-968E82F1562E}.AppStore|x86.Build.0 = Release|Any CPU
		{B63057FC-09FD-4708-B159-968E82F1562E}.AppStore|x86.Deploy.0 = Release|Any CPU
		{B63057FC-09FD-4708-B159-968E82F1562E}.Debug|Any CPU.ActiveCfg = Debug|Any CPU
		{B63057FC-09FD-4708-B159-968E82F1562E}.Debug|Any CPU.Build.0 = Debug|Any CPU
		{B63057FC-09FD-4708-B159-968E82F1562E}.Debug|Any CPU.Deploy.0 = Debug|Any CPU
		{B63057FC-09FD-4708-B159-968E82F1562E}.Debug|ARM.ActiveCfg = Debug|Any CPU
		{B63057FC-09FD-4708-B159-968E82F1562E}.Debug|ARM.Build.0 = Debug|Any CPU
		{B63057FC-09FD-4708-B159-968E82F1562E}.Debug|ARM.Deploy.0 = Debug|Any CPU
		{B63057FC-09FD-4708-B159-968E82F1562E}.Debug|iPhone.ActiveCfg = Debug|Any CPU
		{B63057FC-09FD-4708-B159-968E82F1562E}.Debug|iPhone.Build.0 = Debug|Any CPU
		{B63057FC-09FD-4708-B159-968E82F1562E}.Debug|iPhone.Deploy.0 = Debug|Any CPU
		{B63057FC-09FD-4708-B159-968E82F1562E}.Debug|iPhoneSimulator.ActiveCfg = Debug|Any CPU
		{B63057FC-09FD-4708-B159-968E82F1562E}.Debug|iPhoneSimulator.Build.0 = Debug|Any CPU
		{B63057FC-09FD-4708-B159-968E82F1562E}.Debug|iPhoneSimulator.Deploy.0 = Debug|Any CPU
		{B63057FC-09FD-4708-B159-968E82F1562E}.Debug|x64.ActiveCfg = Debug|Any CPU
		{B63057FC-09FD-4708-B159-968E82F1562E}.Debug|x64.Build.0 = Debug|Any CPU
		{B63057FC-09FD-4708-B159-968E82F1562E}.Debug|x64.Deploy.0 = Debug|Any CPU
		{B63057FC-09FD-4708-B159-968E82F1562E}.Debug|x86.ActiveCfg = Debug|Any CPU
		{B63057FC-09FD-4708-B159-968E82F1562E}.Debug|x86.Build.0 = Debug|Any CPU
		{B63057FC-09FD-4708-B159-968E82F1562E}.Debug|x86.Deploy.0 = Debug|Any CPU
		{B63057FC-09FD-4708-B159-968E82F1562E}.Release|Any CPU.ActiveCfg = Release|Any CPU
		{B63057FC-09FD-4708-B159-968E82F1562E}.Release|Any CPU.Build.0 = Release|Any CPU
		{B63057FC-09FD-4708-B159-968E82F1562E}.Release|Any CPU.Deploy.0 = Release|Any CPU
		{B63057FC-09FD-4708-B159-968E82F1562E}.Release|ARM.ActiveCfg = Release|Any CPU
		{B63057FC-09FD-4708-B159-968E82F1562E}.Release|ARM.Build.0 = Release|Any CPU
		{B63057FC-09FD-4708-B159-968E82F1562E}.Release|ARM.Deploy.0 = Release|Any CPU
		{B63057FC-09FD-4708-B159-968E82F1562E}.Release|iPhone.ActiveCfg = Release|Any CPU
		{B63057FC-09FD-4708-B159-968E82F1562E}.Release|iPhone.Build.0 = Release|Any CPU
		{B63057FC-09FD-4708-B159-968E82F1562E}.Release|iPhone.Deploy.0 = Release|Any CPU
		{B63057FC-09FD-4708-B159-968E82F1562E}.Release|iPhoneSimulator.ActiveCfg = Release|Any CPU
		{B63057FC-09FD-4708-B159-968E82F1562E}.Release|iPhoneSimulator.Build.0 = Release|Any CPU
		{B63057FC-09FD-4708-B159-968E82F1562E}.Release|iPhoneSimulator.Deploy.0 = Release|Any CPU
		{B63057FC-09FD-4708-B159-968E82F1562E}.Release|x64.ActiveCfg = Release|Any CPU
		{B63057FC-09FD-4708-B159-968E82F1562E}.Release|x64.Build.0 = Release|Any CPU
		{B63057FC-09FD-4708-B159-968E82F1562E}.Release|x64.Deploy.0 = Release|Any CPU
		{B63057FC-09FD-4708-B159-968E82F1562E}.Release|x86.ActiveCfg = Release|Any CPU
		{B63057FC-09FD-4708-B159-968E82F1562E}.Release|x86.Build.0 = Release|Any CPU
		{B63057FC-09FD-4708-B159-968E82F1562E}.Release|x86.Deploy.0 = Release|Any CPU
		{71712C09-01FD-40AC-A298-8F31CB8F6F37}.Ad-Hoc|Any CPU.ActiveCfg = Ad-Hoc|iPhone
		{71712C09-01FD-40AC-A298-8F31CB8F6F37}.Ad-Hoc|Any CPU.Build.0 = Ad-Hoc|iPhone
		{71712C09-01FD-40AC-A298-8F31CB8F6F37}.Ad-Hoc|Any CPU.Deploy.0 = Ad-Hoc|iPhone
		{71712C09-01FD-40AC-A298-8F31CB8F6F37}.Ad-Hoc|ARM.ActiveCfg = Ad-Hoc|iPhone
		{71712C09-01FD-40AC-A298-8F31CB8F6F37}.Ad-Hoc|ARM.Build.0 = Ad-Hoc|iPhone
		{71712C09-01FD-40AC-A298-8F31CB8F6F37}.Ad-Hoc|ARM.Deploy.0 = Ad-Hoc|iPhone
		{71712C09-01FD-40AC-A298-8F31CB8F6F37}.Ad-Hoc|iPhone.ActiveCfg = Ad-Hoc|iPhone
		{71712C09-01FD-40AC-A298-8F31CB8F6F37}.Ad-Hoc|iPhone.Build.0 = Ad-Hoc|iPhone
		{71712C09-01FD-40AC-A298-8F31CB8F6F37}.Ad-Hoc|iPhone.Deploy.0 = Ad-Hoc|iPhone
		{71712C09-01FD-40AC-A298-8F31CB8F6F37}.Ad-Hoc|iPhoneSimulator.ActiveCfg = Ad-Hoc|iPhoneSimulator
		{71712C09-01FD-40AC-A298-8F31CB8F6F37}.Ad-Hoc|iPhoneSimulator.Build.0 = Ad-Hoc|iPhoneSimulator
		{71712C09-01FD-40AC-A298-8F31CB8F6F37}.Ad-Hoc|iPhoneSimulator.Deploy.0 = Ad-Hoc|iPhoneSimulator
		{71712C09-01FD-40AC-A298-8F31CB8F6F37}.Ad-Hoc|x64.ActiveCfg = Ad-Hoc|iPhone
		{71712C09-01FD-40AC-A298-8F31CB8F6F37}.Ad-Hoc|x64.Build.0 = Ad-Hoc|iPhone
		{71712C09-01FD-40AC-A298-8F31CB8F6F37}.Ad-Hoc|x64.Deploy.0 = Ad-Hoc|iPhone
		{71712C09-01FD-40AC-A298-8F31CB8F6F37}.Ad-Hoc|x86.ActiveCfg = Ad-Hoc|iPhone
		{71712C09-01FD-40AC-A298-8F31CB8F6F37}.Ad-Hoc|x86.Build.0 = Ad-Hoc|iPhone
		{71712C09-01FD-40AC-A298-8F31CB8F6F37}.Ad-Hoc|x86.Deploy.0 = Ad-Hoc|iPhone
		{71712C09-01FD-40AC-A298-8F31CB8F6F37}.AppStore|Any CPU.ActiveCfg = AppStore|iPhone
		{71712C09-01FD-40AC-A298-8F31CB8F6F37}.AppStore|Any CPU.Build.0 = AppStore|iPhone
		{71712C09-01FD-40AC-A298-8F31CB8F6F37}.AppStore|Any CPU.Deploy.0 = AppStore|iPhone
		{71712C09-01FD-40AC-A298-8F31CB8F6F37}.AppStore|ARM.ActiveCfg = AppStore|iPhone
		{71712C09-01FD-40AC-A298-8F31CB8F6F37}.AppStore|ARM.Build.0 = AppStore|iPhone
		{71712C09-01FD-40AC-A298-8F31CB8F6F37}.AppStore|ARM.Deploy.0 = AppStore|iPhone
		{71712C09-01FD-40AC-A298-8F31CB8F6F37}.AppStore|iPhone.ActiveCfg = AppStore|iPhone
		{71712C09-01FD-40AC-A298-8F31CB8F6F37}.AppStore|iPhone.Build.0 = AppStore|iPhone
		{71712C09-01FD-40AC-A298-8F31CB8F6F37}.AppStore|iPhone.Deploy.0 = AppStore|iPhone
		{71712C09-01FD-40AC-A298-8F31CB8F6F37}.AppStore|iPhoneSimulator.ActiveCfg = AppStore|iPhoneSimulator
		{71712C09-01FD-40AC-A298-8F31CB8F6F37}.AppStore|iPhoneSimulator.Build.0 = AppStore|iPhoneSimulator
		{71712C09-01FD-40AC-A298-8F31CB8F6F37}.AppStore|iPhoneSimulator.Deploy.0 = AppStore|iPhoneSimulator
		{71712C09-01FD-40AC-A298-8F31CB8F6F37}.AppStore|x64.ActiveCfg = AppStore|iPhone
		{71712C09-01FD-40AC-A298-8F31CB8F6F37}.AppStore|x64.Build.0 = AppStore|iPhone
		{71712C09-01FD-40AC-A298-8F31CB8F6F37}.AppStore|x64.Deploy.0 = AppStore|iPhone
		{71712C09-01FD-40AC-A298-8F31CB8F6F37}.AppStore|x86.ActiveCfg = AppStore|iPhone
		{71712C09-01FD-40AC-A298-8F31CB8F6F37}.AppStore|x86.Build.0 = AppStore|iPhone
		{71712C09-01FD-40AC-A298-8F31CB8F6F37}.AppStore|x86.Deploy.0 = AppStore|iPhone
		{71712C09-01FD-40AC-A298-8F31CB8F6F37}.Debug|Any CPU.ActiveCfg = Debug|iPhoneSimulator
		{71712C09-01FD-40AC-A298-8F31CB8F6F37}.Debug|Any CPU.Build.0 = Debug|iPhoneSimulator
		{71712C09-01FD-40AC-A298-8F31CB8F6F37}.Debug|Any CPU.Deploy.0 = Debug|iPhoneSimulator
		{71712C09-01FD-40AC-A298-8F31CB8F6F37}.Debug|ARM.ActiveCfg = Debug|iPhone
		{71712C09-01FD-40AC-A298-8F31CB8F6F37}.Debug|ARM.Build.0 = Debug|iPhone
		{71712C09-01FD-40AC-A298-8F31CB8F6F37}.Debug|ARM.Deploy.0 = Debug|iPhone
		{71712C09-01FD-40AC-A298-8F31CB8F6F37}.Debug|iPhone.ActiveCfg = Debug|iPhone
		{71712C09-01FD-40AC-A298-8F31CB8F6F37}.Debug|iPhone.Build.0 = Debug|iPhone
		{71712C09-01FD-40AC-A298-8F31CB8F6F37}.Debug|iPhone.Deploy.0 = Debug|iPhone
		{71712C09-01FD-40AC-A298-8F31CB8F6F37}.Debug|iPhoneSimulator.ActiveCfg = Debug|iPhoneSimulator
		{71712C09-01FD-40AC-A298-8F31CB8F6F37}.Debug|iPhoneSimulator.Build.0 = Debug|iPhoneSimulator
		{71712C09-01FD-40AC-A298-8F31CB8F6F37}.Debug|iPhoneSimulator.Deploy.0 = Debug|iPhoneSimulator
		{71712C09-01FD-40AC-A298-8F31CB8F6F37}.Debug|x64.ActiveCfg = Debug|iPhone
		{71712C09-01FD-40AC-A298-8F31CB8F6F37}.Debug|x64.Build.0 = Debug|iPhone
		{71712C09-01FD-40AC-A298-8F31CB8F6F37}.Debug|x64.Deploy.0 = Debug|iPhone
		{71712C09-01FD-40AC-A298-8F31CB8F6F37}.Debug|x86.ActiveCfg = Debug|iPhone
		{71712C09-01FD-40AC-A298-8F31CB8F6F37}.Debug|x86.Build.0 = Debug|iPhone
		{71712C09-01FD-40AC-A298-8F31CB8F6F37}.Debug|x86.Deploy.0 = Debug|iPhone
		{71712C09-01FD-40AC-A298-8F31CB8F6F37}.Release|Any CPU.ActiveCfg = Release|iPhone
		{71712C09-01FD-40AC-A298-8F31CB8F6F37}.Release|Any CPU.Build.0 = Release|iPhone
		{71712C09-01FD-40AC-A298-8F31CB8F6F37}.Release|Any CPU.Deploy.0 = Release|iPhone
		{71712C09-01FD-40AC-A298-8F31CB8F6F37}.Release|ARM.ActiveCfg = Release|iPhone
		{71712C09-01FD-40AC-A298-8F31CB8F6F37}.Release|ARM.Build.0 = Release|iPhone
		{71712C09-01FD-40AC-A298-8F31CB8F6F37}.Release|ARM.Deploy.0 = Release|iPhone
		{71712C09-01FD-40AC-A298-8F31CB8F6F37}.Release|iPhone.ActiveCfg = Release|iPhone
		{71712C09-01FD-40AC-A298-8F31CB8F6F37}.Release|iPhone.Build.0 = Release|iPhone
		{71712C09-01FD-40AC-A298-8F31CB8F6F37}.Release|iPhone.Deploy.0 = Release|iPhone
		{71712C09-01FD-40AC-A298-8F31CB8F6F37}.Release|iPhoneSimulator.ActiveCfg = Release|iPhoneSimulator
		{71712C09-01FD-40AC-A298-8F31CB8F6F37}.Release|iPhoneSimulator.Build.0 = Release|iPhoneSimulator
		{71712C09-01FD-40AC-A298-8F31CB8F6F37}.Release|iPhoneSimulator.Deploy.0 = Release|iPhoneSimulator
		{71712C09-01FD-40AC-A298-8F31CB8F6F37}.Release|x64.ActiveCfg = Release|iPhone
		{71712C09-01FD-40AC-A298-8F31CB8F6F37}.Release|x64.Build.0 = Release|iPhone
		{71712C09-01FD-40AC-A298-8F31CB8F6F37}.Release|x64.Deploy.0 = Release|iPhone
		{71712C09-01FD-40AC-A298-8F31CB8F6F37}.Release|x86.ActiveCfg = Release|iPhone
		{71712C09-01FD-40AC-A298-8F31CB8F6F37}.Release|x86.Build.0 = Release|iPhone
		{71712C09-01FD-40AC-A298-8F31CB8F6F37}.Release|x86.Deploy.0 = Release|iPhone
		{EA67FCAE-0398-452F-B342-DDB44AD18222}.Ad-Hoc|Any CPU.ActiveCfg = Release|x86
		{EA67FCAE-0398-452F-B342-DDB44AD18222}.Ad-Hoc|Any CPU.Build.0 = Release|x86
		{EA67FCAE-0398-452F-B342-DDB44AD18222}.Ad-Hoc|Any CPU.Deploy.0 = Release|x86
		{EA67FCAE-0398-452F-B342-DDB44AD18222}.Ad-Hoc|ARM.ActiveCfg = Release|ARM
		{EA67FCAE-0398-452F-B342-DDB44AD18222}.Ad-Hoc|ARM.Build.0 = Release|ARM
		{EA67FCAE-0398-452F-B342-DDB44AD18222}.Ad-Hoc|ARM.Deploy.0 = Release|ARM
		{EA67FCAE-0398-452F-B342-DDB44AD18222}.Ad-Hoc|iPhone.ActiveCfg = Release|x86
		{EA67FCAE-0398-452F-B342-DDB44AD18222}.Ad-Hoc|iPhone.Build.0 = Release|x86
		{EA67FCAE-0398-452F-B342-DDB44AD18222}.Ad-Hoc|iPhone.Deploy.0 = Release|x86
		{EA67FCAE-0398-452F-B342-DDB44AD18222}.Ad-Hoc|iPhoneSimulator.ActiveCfg = Release|x86
		{EA67FCAE-0398-452F-B342-DDB44AD18222}.Ad-Hoc|iPhoneSimulator.Build.0 = Release|x86
		{EA67FCAE-0398-452F-B342-DDB44AD18222}.Ad-Hoc|iPhoneSimulator.Deploy.0 = Release|x86
		{EA67FCAE-0398-452F-B342-DDB44AD18222}.Ad-Hoc|x64.ActiveCfg = Release|x64
		{EA67FCAE-0398-452F-B342-DDB44AD18222}.Ad-Hoc|x64.Build.0 = Release|x64
		{EA67FCAE-0398-452F-B342-DDB44AD18222}.Ad-Hoc|x64.Deploy.0 = Release|x64
		{EA67FCAE-0398-452F-B342-DDB44AD18222}.Ad-Hoc|x86.ActiveCfg = Release|x86
		{EA67FCAE-0398-452F-B342-DDB44AD18222}.Ad-Hoc|x86.Build.0 = Release|x86
		{EA67FCAE-0398-452F-B342-DDB44AD18222}.Ad-Hoc|x86.Deploy.0 = Release|x86
		{EA67FCAE-0398-452F-B342-DDB44AD18222}.AppStore|Any CPU.ActiveCfg = Release|x86
		{EA67FCAE-0398-452F-B342-DDB44AD18222}.AppStore|Any CPU.Build.0 = Release|x86
		{EA67FCAE-0398-452F-B342-DDB44AD18222}.AppStore|Any CPU.Deploy.0 = Release|x86
		{EA67FCAE-0398-452F-B342-DDB44AD18222}.AppStore|ARM.ActiveCfg = Release|ARM
		{EA67FCAE-0398-452F-B342-DDB44AD18222}.AppStore|ARM.Build.0 = Release|ARM
		{EA67FCAE-0398-452F-B342-DDB44AD18222}.AppStore|ARM.Deploy.0 = Release|ARM
		{EA67FCAE-0398-452F-B342-DDB44AD18222}.AppStore|iPhone.ActiveCfg = Release|x86
		{EA67FCAE-0398-452F-B342-DDB44AD18222}.AppStore|iPhone.Build.0 = Release|x86
		{EA67FCAE-0398-452F-B342-DDB44AD18222}.AppStore|iPhone.Deploy.0 = Release|x86
		{EA67FCAE-0398-452F-B342-DDB44AD18222}.AppStore|iPhoneSimulator.ActiveCfg = Release|x86
		{EA67FCAE-0398-452F-B342-DDB44AD18222}.AppStore|iPhoneSimulator.Build.0 = Release|x86
		{EA67FCAE-0398-452F-B342-DDB44AD18222}.AppStore|iPhoneSimulator.Deploy.0 = Release|x86
		{EA67FCAE-0398-452F-B342-DDB44AD18222}.AppStore|x64.ActiveCfg = Release|x64
		{EA67FCAE-0398-452F-B342-DDB44AD18222}.AppStore|x64.Build.0 = Release|x64
		{EA67FCAE-0398-452F-B342-DDB44AD18222}.AppStore|x64.Deploy.0 = Release|x64
		{EA67FCAE-0398-452F-B342-DDB44AD18222}.AppStore|x86.ActiveCfg = Release|x86
		{EA67FCAE-0398-452F-B342-DDB44AD18222}.AppStore|x86.Build.0 = Release|x86
		{EA67FCAE-0398-452F-B342-DDB44AD18222}.AppStore|x86.Deploy.0 = Release|x86
		{EA67FCAE-0398-452F-B342-DDB44AD18222}.Debug|Any CPU.ActiveCfg = Debug|x86
		{EA67FCAE-0398-452F-B342-DDB44AD18222}.Debug|Any CPU.Build.0 = Debug|x86
		{EA67FCAE-0398-452F-B342-DDB44AD18222}.Debug|Any CPU.Deploy.0 = Debug|x86
		{EA67FCAE-0398-452F-B342-DDB44AD18222}.Debug|ARM.ActiveCfg = Debug|ARM
		{EA67FCAE-0398-452F-B342-DDB44AD18222}.Debug|ARM.Build.0 = Debug|ARM
		{EA67FCAE-0398-452F-B342-DDB44AD18222}.Debug|ARM.Deploy.0 = Debug|ARM
		{EA67FCAE-0398-452F-B342-DDB44AD18222}.Debug|iPhone.ActiveCfg = Debug|x86
		{EA67FCAE-0398-452F-B342-DDB44AD18222}.Debug|iPhone.Build.0 = Debug|x86
		{EA67FCAE-0398-452F-B342-DDB44AD18222}.Debug|iPhone.Deploy.0 = Debug|x86
		{EA67FCAE-0398-452F-B342-DDB44AD18222}.Debug|iPhoneSimulator.ActiveCfg = Debug|x86
		{EA67FCAE-0398-452F-B342-DDB44AD18222}.Debug|iPhoneSimulator.Build.0 = Debug|x86
		{EA67FCAE-0398-452F-B342-DDB44AD18222}.Debug|iPhoneSimulator.Deploy.0 = Debug|x86
		{EA67FCAE-0398-452F-B342-DDB44AD18222}.Debug|x64.ActiveCfg = Debug|x64
		{EA67FCAE-0398-452F-B342-DDB44AD18222}.Debug|x64.Build.0 = Debug|x64
		{EA67FCAE-0398-452F-B342-DDB44AD18222}.Debug|x64.Deploy.0 = Debug|x64
		{EA67FCAE-0398-452F-B342-DDB44AD18222}.Debug|x86.ActiveCfg = Debug|x86
		{EA67FCAE-0398-452F-B342-DDB44AD18222}.Debug|x86.Build.0 = Debug|x86
		{EA67FCAE-0398-452F-B342-DDB44AD18222}.Debug|x86.Deploy.0 = Debug|x86
		{EA67FCAE-0398-452F-B342-DDB44AD18222}.Release|Any CPU.ActiveCfg = Release|x86
		{EA67FCAE-0398-452F-B342-DDB44AD18222}.Release|Any CPU.Build.0 = Release|x86
		{EA67FCAE-0398-452F-B342-DDB44AD18222}.Release|Any CPU.Deploy.0 = Release|x86
		{EA67FCAE-0398-452F-B342-DDB44AD18222}.Release|ARM.ActiveCfg = Release|ARM
		{EA67FCAE-0398-452F-B342-DDB44AD18222}.Release|ARM.Build.0 = Release|ARM
		{EA67FCAE-0398-452F-B342-DDB44AD18222}.Release|ARM.Deploy.0 = Release|ARM
		{EA67FCAE-0398-452F-B342-DDB44AD18222}.Release|iPhone.ActiveCfg = Release|x86
		{EA67FCAE-0398-452F-B342-DDB44AD18222}.Release|iPhone.Build.0 = Release|x86
		{EA67FCAE-0398-452F-B342-DDB44AD18222}.Release|iPhone.Deploy.0 = Release|x86
		{EA67FCAE-0398-452F-B342-DDB44AD18222}.Release|iPhoneSimulator.ActiveCfg = Release|x86
		{EA67FCAE-0398-452F-B342-DDB44AD18222}.Release|iPhoneSimulator.Build.0 = Release|x86
		{EA67FCAE-0398-452F-B342-DDB44AD18222}.Release|iPhoneSimulator.Deploy.0 = Release|x86
		{EA67FCAE-0398-452F-B342-DDB44AD18222}.Release|x64.ActiveCfg = Release|x64
		{EA67FCAE-0398-452F-B342-DDB44AD18222}.Release|x64.Build.0 = Release|x64
		{EA67FCAE-0398-452F-B342-DDB44AD18222}.Release|x64.Deploy.0 = Release|x64
		{EA67FCAE-0398-452F-B342-DDB44AD18222}.Release|x86.ActiveCfg = Release|x86
		{EA67FCAE-0398-452F-B342-DDB44AD18222}.Release|x86.Build.0 = Release|x86
		{EA67FCAE-0398-452F-B342-DDB44AD18222}.Release|x86.Deploy.0 = Release|x86
		{49F680A9-423D-4269-A0BF-C2BC37CA417A}.Ad-Hoc|Any CPU.ActiveCfg = Debug|Any CPU
		{49F680A9-423D-4269-A0BF-C2BC37CA417A}.Ad-Hoc|Any CPU.Build.0 = Debug|Any CPU
		{49F680A9-423D-4269-A0BF-C2BC37CA417A}.Ad-Hoc|Any CPU.Deploy.0 = Debug|Any CPU
		{49F680A9-423D-4269-A0BF-C2BC37CA417A}.Ad-Hoc|ARM.ActiveCfg = Debug|Any CPU
		{49F680A9-423D-4269-A0BF-C2BC37CA417A}.Ad-Hoc|ARM.Build.0 = Debug|Any CPU
		{49F680A9-423D-4269-A0BF-C2BC37CA417A}.Ad-Hoc|ARM.Deploy.0 = Debug|Any CPU
		{49F680A9-423D-4269-A0BF-C2BC37CA417A}.Ad-Hoc|iPhone.ActiveCfg = Debug|Any CPU
		{49F680A9-423D-4269-A0BF-C2BC37CA417A}.Ad-Hoc|iPhone.Build.0 = Debug|Any CPU
		{49F680A9-423D-4269-A0BF-C2BC37CA417A}.Ad-Hoc|iPhone.Deploy.0 = Debug|Any CPU
		{49F680A9-423D-4269-A0BF-C2BC37CA417A}.Ad-Hoc|iPhoneSimulator.ActiveCfg = Debug|Any CPU
		{49F680A9-423D-4269-A0BF-C2BC37CA417A}.Ad-Hoc|iPhoneSimulator.Build.0 = Debug|Any CPU
		{49F680A9-423D-4269-A0BF-C2BC37CA417A}.Ad-Hoc|iPhoneSimulator.Deploy.0 = Debug|Any CPU
		{49F680A9-423D-4269-A0BF-C2BC37CA417A}.Ad-Hoc|x64.ActiveCfg = Debug|Any CPU
		{49F680A9-423D-4269-A0BF-C2BC37CA417A}.Ad-Hoc|x64.Build.0 = Debug|Any CPU
		{49F680A9-423D-4269-A0BF-C2BC37CA417A}.Ad-Hoc|x64.Deploy.0 = Debug|Any CPU
		{49F680A9-423D-4269-A0BF-C2BC37CA417A}.Ad-Hoc|x86.ActiveCfg = Debug|Any CPU
		{49F680A9-423D-4269-A0BF-C2BC37CA417A}.Ad-Hoc|x86.Build.0 = Debug|Any CPU
		{49F680A9-423D-4269-A0BF-C2BC37CA417A}.Ad-Hoc|x86.Deploy.0 = Debug|Any CPU
		{49F680A9-423D-4269-A0BF-C2BC37CA417A}.AppStore|Any CPU.ActiveCfg = Debug|Any CPU
		{49F680A9-423D-4269-A0BF-C2BC37CA417A}.AppStore|Any CPU.Build.0 = Debug|Any CPU
		{49F680A9-423D-4269-A0BF-C2BC37CA417A}.AppStore|Any CPU.Deploy.0 = Debug|Any CPU
		{49F680A9-423D-4269-A0BF-C2BC37CA417A}.AppStore|ARM.ActiveCfg = Debug|Any CPU
		{49F680A9-423D-4269-A0BF-C2BC37CA417A}.AppStore|ARM.Build.0 = Debug|Any CPU
		{49F680A9-423D-4269-A0BF-C2BC37CA417A}.AppStore|ARM.Deploy.0 = Debug|Any CPU
		{49F680A9-423D-4269-A0BF-C2BC37CA417A}.AppStore|iPhone.ActiveCfg = Debug|Any CPU
		{49F680A9-423D-4269-A0BF-C2BC37CA417A}.AppStore|iPhone.Build.0 = Debug|Any CPU
		{49F680A9-423D-4269-A0BF-C2BC37CA417A}.AppStore|iPhone.Deploy.0 = Debug|Any CPU
		{49F680A9-423D-4269-A0BF-C2BC37CA417A}.AppStore|iPhoneSimulator.ActiveCfg = Debug|Any CPU
		{49F680A9-423D-4269-A0BF-C2BC37CA417A}.AppStore|iPhoneSimulator.Build.0 = Debug|Any CPU
		{49F680A9-423D-4269-A0BF-C2BC37CA417A}.AppStore|iPhoneSimulator.Deploy.0 = Debug|Any CPU
		{49F680A9-423D-4269-A0BF-C2BC37CA417A}.AppStore|x64.ActiveCfg = Debug|Any CPU
		{49F680A9-423D-4269-A0BF-C2BC37CA417A}.AppStore|x64.Build.0 = Debug|Any CPU
		{49F680A9-423D-4269-A0BF-C2BC37CA417A}.AppStore|x64.Deploy.0 = Debug|Any CPU
		{49F680A9-423D-4269-A0BF-C2BC37CA417A}.AppStore|x86.ActiveCfg = Debug|Any CPU
		{49F680A9-423D-4269-A0BF-C2BC37CA417A}.AppStore|x86.Build.0 = Debug|Any CPU
		{49F680A9-423D-4269-A0BF-C2BC37CA417A}.AppStore|x86.Deploy.0 = Debug|Any CPU
		{49F680A9-423D-4269-A0BF-C2BC37CA417A}.Debug|Any CPU.ActiveCfg = Debug|Any CPU
		{49F680A9-423D-4269-A0BF-C2BC37CA417A}.Debug|Any CPU.Build.0 = Debug|Any CPU
		{49F680A9-423D-4269-A0BF-C2BC37CA417A}.Debug|Any CPU.Deploy.0 = Debug|Any CPU
		{49F680A9-423D-4269-A0BF-C2BC37CA417A}.Debug|ARM.ActiveCfg = Debug|Any CPU
		{49F680A9-423D-4269-A0BF-C2BC37CA417A}.Debug|ARM.Build.0 = Debug|Any CPU
		{49F680A9-423D-4269-A0BF-C2BC37CA417A}.Debug|ARM.Deploy.0 = Debug|Any CPU
		{49F680A9-423D-4269-A0BF-C2BC37CA417A}.Debug|iPhone.ActiveCfg = Debug|Any CPU
		{49F680A9-423D-4269-A0BF-C2BC37CA417A}.Debug|iPhone.Build.0 = Debug|Any CPU
		{49F680A9-423D-4269-A0BF-C2BC37CA417A}.Debug|iPhone.Deploy.0 = Debug|Any CPU
		{49F680A9-423D-4269-A0BF-C2BC37CA417A}.Debug|iPhoneSimulator.ActiveCfg = Debug|Any CPU
		{49F680A9-423D-4269-A0BF-C2BC37CA417A}.Debug|iPhoneSimulator.Build.0 = Debug|Any CPU
		{49F680A9-423D-4269-A0BF-C2BC37CA417A}.Debug|iPhoneSimulator.Deploy.0 = Debug|Any CPU
		{49F680A9-423D-4269-A0BF-C2BC37CA417A}.Debug|x64.ActiveCfg = Debug|Any CPU
		{49F680A9-423D-4269-A0BF-C2BC37CA417A}.Debug|x64.Build.0 = Debug|Any CPU
		{49F680A9-423D-4269-A0BF-C2BC37CA417A}.Debug|x64.Deploy.0 = Debug|Any CPU
		{49F680A9-423D-4269-A0BF-C2BC37CA417A}.Debug|x86.ActiveCfg = Debug|Any CPU
		{49F680A9-423D-4269-A0BF-C2BC37CA417A}.Debug|x86.Build.0 = Debug|Any CPU
		{49F680A9-423D-4269-A0BF-C2BC37CA417A}.Debug|x86.Deploy.0 = Debug|Any CPU
		{49F680A9-423D-4269-A0BF-C2BC37CA417A}.Release|Any CPU.ActiveCfg = Release|Any CPU
		{49F680A9-423D-4269-A0BF-C2BC37CA417A}.Release|Any CPU.Build.0 = Release|Any CPU
		{49F680A9-423D-4269-A0BF-C2BC37CA417A}.Release|Any CPU.Deploy.0 = Release|Any CPU
		{49F680A9-423D-4269-A0BF-C2BC37CA417A}.Release|ARM.ActiveCfg = Release|Any CPU
		{49F680A9-423D-4269-A0BF-C2BC37CA417A}.Release|ARM.Build.0 = Release|Any CPU
		{49F680A9-423D-4269-A0BF-C2BC37CA417A}.Release|ARM.Deploy.0 = Release|Any CPU
		{49F680A9-423D-4269-A0BF-C2BC37CA417A}.Release|iPhone.ActiveCfg = Release|Any CPU
		{49F680A9-423D-4269-A0BF-C2BC37CA417A}.Release|iPhone.Build.0 = Release|Any CPU
		{49F680A9-423D-4269-A0BF-C2BC37CA417A}.Release|iPhone.Deploy.0 = Release|Any CPU
		{49F680A9-423D-4269-A0BF-C2BC37CA417A}.Release|iPhoneSimulator.ActiveCfg = Release|Any CPU
		{49F680A9-423D-4269-A0BF-C2BC37CA417A}.Release|iPhoneSimulator.Build.0 = Release|Any CPU
		{49F680A9-423D-4269-A0BF-C2BC37CA417A}.Release|iPhoneSimulator.Deploy.0 = Release|Any CPU
		{49F680A9-423D-4269-A0BF-C2BC37CA417A}.Release|x64.ActiveCfg = Release|Any CPU
		{49F680A9-423D-4269-A0BF-C2BC37CA417A}.Release|x64.Build.0 = Release|Any CPU
		{49F680A9-423D-4269-A0BF-C2BC37CA417A}.Release|x64.Deploy.0 = Release|Any CPU
		{49F680A9-423D-4269-A0BF-C2BC37CA417A}.Release|x86.ActiveCfg = Release|Any CPU
		{49F680A9-423D-4269-A0BF-C2BC37CA417A}.Release|x86.Build.0 = Release|Any CPU
		{49F680A9-423D-4269-A0BF-C2BC37CA417A}.Release|x86.Deploy.0 = Release|Any CPU
	EndGlobalSection
	GlobalSection(SolutionProperties) = preSolution
		HideSolutionNode = FALSE
	EndGlobalSection
	GlobalSection(ExtensibilityGlobals) = postSolution
		SolutionGuid = {EDB612ED-82E3-4E2E-96E4-D51B15808503}
	EndGlobalSection
EndGlobal
